<?xml version="1.0" encoding="utf-8"?>
<Project ToolsVersion="4.0" xmlns="http://schemas.microsoft.com/developer/msbuild/2003">
  <ItemGroup>
    <Filter Include="ソース ファイル">
      <UniqueIdentifier>{4FC737F1-C7A5-4376-A066-2A32D752A2FF}</UniqueIdentifier>
      <Extensions>cpp;c;cc;cxx;c++;cppm;ixx;def;odl;idl;hpj;bat;asm;asmx</Extensions>
    </Filter>
    <Filter Include="ヘッダー ファイル">
      <UniqueIdentifier>{93995380-89BD-4b04-88EB-625FBE52EBFB}</UniqueIdentifier>
      <Extensions>h;hh;hpp;hxx;h++;hm;inl;inc;ipp;xsd</Extensions>
    </Filter>
    <Filter Include="リソース ファイル">
      <UniqueIdentifier>{67DA6AB6-F800-4c08-8B7A-83BB121AAD01}</UniqueIdentifier>
      <Extensions>rc;ico;cur;bmp;dlg;rc2;rct;bin;rgs;gif;jpg;jpeg;jpe;resx;tiff;tif;png;wav;mfcribbon-ms</Extensions>
    </Filter>
    <Filter Include="ソース ファイル\Stage">
      <UniqueIdentifier>{e72cafd7-9b90-4f9e-94ef-f9045c051c81}</UniqueIdentifier>
    </Filter>
    <Filter Include="ヘッダー ファイル\Stage">
      <UniqueIdentifier>{843da5e1-7094-4d9e-8dbe-e220fb358b53}</UniqueIdentifier>
    </Filter>
    <Filter Include="ソース ファイル\Object">
      <UniqueIdentifier>{929bf2d7-ffdb-4ccd-8961-a3a935d54f10}</UniqueIdentifier>
    </Filter>
    <Filter Include="ヘッダー ファイル\Object">
      <UniqueIdentifier>{428777f0-0dc5-41f7-9d66-b52e8d4f66ad}</UniqueIdentifier>
    </Filter>
    <Filter Include="ヘッダー ファイル\Object\Manager">
      <UniqueIdentifier>{5da7160c-e803-4326-9c6b-290d3608ff1b}</UniqueIdentifier>
    </Filter>
    <Filter Include="ソース ファイル\Object\Manager">
      <UniqueIdentifier>{35217c86-9912-43aa-a02b-4214e84f9ee4}</UniqueIdentifier>
    </Filter>
    <Filter Include="ヘッダー ファイル\Object\Element">
      <UniqueIdentifier>{55507b9c-e085-4137-b5ab-0dee388ae04a}</UniqueIdentifier>
    </Filter>
    <Filter Include="ソース ファイル\Object\Element">
      <UniqueIdentifier>{591f7172-9ee5-4356-9282-86815d2cb481}</UniqueIdentifier>
    </Filter>
    <Filter Include="ソース ファイル\Server">
      <UniqueIdentifier>{33367e61-9b4a-4cb1-9113-30243ba51123}</UniqueIdentifier>
    </Filter>
    <Filter Include="ヘッダー ファイル\Server">
      <UniqueIdentifier>{379b8b48-7158-40dd-b390-4435dc82fd39}</UniqueIdentifier>
    </Filter>
    <Filter Include="ヘッダー ファイル\Object\Element\Player">
      <UniqueIdentifier>{c4ea545e-655e-4062-af97-d813bd4e03c0}</UniqueIdentifier>
    </Filter>
    <Filter Include="ヘッダー ファイル\Mode">
      <UniqueIdentifier>{8695f36a-48c0-4b01-a2c2-e0844a49b74c}</UniqueIdentifier>
    </Filter>
    <Filter Include="ソース ファイル\Mode">
      <UniqueIdentifier>{be78ee98-0a0e-4da0-9cd5-b1e0dc013626}</UniqueIdentifier>
    </Filter>
    <Filter Include="ソース ファイル\Other">
      <UniqueIdentifier>{05ede4eb-91c6-497d-8863-b9331be823f4}</UniqueIdentifier>
    </Filter>
    <Filter Include="ヘッダー ファイル\Other">
      <UniqueIdentifier>{31267cb9-d047-410f-b4da-3a0ebc0a01b3}</UniqueIdentifier>
    </Filter>
    <Filter Include="ソース ファイル\Object\Item">
      <UniqueIdentifier>{6301267e-ddc2-4678-9859-07dafebdb567}</UniqueIdentifier>
    </Filter>
    <Filter Include="ヘッダー ファイル\Object\Item">
      <UniqueIdentifier>{39940dda-b229-47f8-b2f1-428f01474e89}</UniqueIdentifier>
    </Filter>
    <Filter Include="ソース ファイル\Collision">
      <UniqueIdentifier>{db4108ed-2023-4d03-9dd2-fadc02f1d2b4}</UniqueIdentifier>
    </Filter>
    <Filter Include="ヘッダー ファイル\Collision">
      <UniqueIdentifier>{78b73f31-17d3-4108-ac17-5084cc8e1008}</UniqueIdentifier>
    </Filter>
  </ItemGroup>
  <ItemGroup>
    <ClInclude Include="ApplicationMain.h">
      <Filter>ヘッダー ファイル</Filter>
    </ClInclude>
    <ClInclude Include="PlayerManager.h">
      <Filter>ヘッダー ファイル\Object\Manager</Filter>
    </ClInclude>
    <ClInclude Include="EnemyManager.h">
      <Filter>ヘッダー ファイル\Object\Manager</Filter>
    </ClInclude>
    <ClInclude Include="ObjectManager.h">
      <Filter>ヘッダー ファイル\Object\Manager</Filter>
    </ClInclude>
    <ClInclude Include="Enemy.h">
      <Filter>ヘッダー ファイル\Object\Element</Filter>
    </ClInclude>
    <ClInclude Include="MapEntity.h">
      <Filter>ヘッダー ファイル\Object\Element</Filter>
    </ClInclude>
    <ClInclude Include="ApplicationGlobal.h">
      <Filter>ヘッダー ファイル</Filter>
    </ClInclude>
    <ClInclude Include="Player.h">
      <Filter>ヘッダー ファイル\Object\Element\Player</Filter>
    </ClInclude>
    <ClInclude Include="JsonUtility.h">
      <Filter>ヘッダー ファイル\Other</Filter>
    </ClInclude>
    <ClInclude Include="ModeGame.h">
      <Filter>ヘッダー ファイル\Mode</Filter>
    </ClInclude>
    <ClInclude Include="ModeTitle.h">
      <Filter>ヘッダー ファイル\Mode</Filter>
    </ClInclude>
    <ClInclude Include="ResourceServer.h">
      <Filter>ヘッダー ファイル\Server</Filter>
    </ClInclude>
    <ClInclude Include="SkillSlot.h">
      <Filter>ヘッダー ファイル\Other</Filter>
    </ClInclude>
    <ClInclude Include="Effect.h">
      <Filter>ヘッダー ファイル\Other</Filter>
    </ClInclude>
    <ClInclude Include="ModeGameClear.h">
      <Filter>ヘッダー ファイル\Mode</Filter>
    </ClInclude>
    <ClInclude Include="ModeGameover.h">
      <Filter>ヘッダー ファイル\Mode</Filter>
    </ClInclude>
    <ClInclude Include="ModeSound.h">
      <Filter>ヘッダー ファイル\Mode</Filter>
    </ClInclude>
    <ClInclude Include="Camera.h">
      <Filter>ヘッダー ファイル\Other</Filter>
    </ClInclude>
    <ClInclude Include="Divine.h">
      <Filter>ヘッダー ファイル\Other</Filter>
    </ClInclude>
    <ClInclude Include="EN_Crab.h">
      <Filter>ヘッダー ファイル\Object\Element</Filter>
    </ClInclude>
    <ClInclude Include="EN_Osero.h">
      <Filter>ヘッダー ファイル\Object\Element</Filter>
    </ClInclude>
    <ClInclude Include="SoundServer.h">
      <Filter>ヘッダー ファイル\Server</Filter>
    </ClInclude>
    <ClInclude Include="SoundItem.h">
      <Filter>ヘッダー ファイル\Object\Item</Filter>
    </ClInclude>
    <ClInclude Include="GameEvent.h">
      <Filter>ヘッダー ファイル\Other</Filter>
    </ClInclude>
    <ClInclude Include="GameUI.h">
      <Filter>ヘッダー ファイル\Other</Filter>
    </ClInclude>
    <ClInclude Include="Actioncollision.h">
      <Filter>ヘッダー ファイル\Collision</Filter>
    </ClInclude>
    <ClInclude Include="MathCollision.h">
      <Filter>ヘッダー ファイル\Collision</Filter>
    </ClInclude>
    <ClInclude Include="EnumInfo.h">
      <Filter>ヘッダー ファイル\Other</Filter>
    </ClInclude>
    <ClInclude Include="MotionTable.h">
      <Filter>ヘッダー ファイル</Filter>
    </ClInclude>
    <ClInclude Include="ModeEnding.h">
      <Filter>ヘッダー ファイル\Mode</Filter>
    </ClInclude>
    <ClInclude Include="ModeFade.h">
      <Filter>ヘッダー ファイル\Mode</Filter>
    </ClInclude>
    <ClInclude Include="ModeLoad.h">
      <Filter>ヘッダー ファイル\Mode</Filter>
    </ClInclude>
    <ClInclude Include="ModeLogo.h">
      <Filter>ヘッダー ファイル\Mode</Filter>
    </ClInclude>
    <ClInclude Include="EN_Romanoff.h">
      <Filter>ヘッダー ファイル\Object\Element</Filter>
    </ClInclude>
    <ClInclude Include="GameSystem.h">
      <Filter>ヘッダー ファイル\Other</Filter>
    </ClInclude>
    <ClInclude Include="AttackTable.h">
      <Filter>ヘッダー ファイル</Filter>
    </ClInclude>
    <ClInclude Include="AttackTableManager.h">
      <Filter>ヘッダー ファイル\Object\Manager</Filter>
    </ClInclude>
    <ClInclude Include="MotionTableManager.h">
      <Filter>ヘッダー ファイル\Object\Manager</Filter>
    </ClInclude>
  </ItemGroup>
  <ItemGroup>
    <ClCompile Include="ApplicationMain.cpp">
      <Filter>ソース ファイル</Filter>
    </ClCompile>
    <ClCompile Include="EnemyManager.cpp">
      <Filter>ソース ファイル\Object\Manager</Filter>
    </ClCompile>
    <ClCompile Include="ObjectManager.cpp">
      <Filter>ソース ファイル\Object\Manager</Filter>
    </ClCompile>
    <ClCompile Include="PlayerManager.cpp">
      <Filter>ソース ファイル\Object\Manager</Filter>
    </ClCompile>
    <ClCompile Include="Player.cpp">
      <Filter>ソース ファイル\Object\Element</Filter>
    </ClCompile>
    <ClCompile Include="Enemy.cpp">
      <Filter>ソース ファイル\Object\Element</Filter>
    </ClCompile>
    <ClCompile Include="MapEntity.cpp">
      <Filter>ソース ファイル\Object\Element</Filter>
    </ClCompile>
    <ClCompile Include="ApplicationGlobal.cpp">
      <Filter>ソース ファイル</Filter>
    </ClCompile>
    <ClCompile Include="JsonUtility.cpp">
      <Filter>ソース ファイル\Other</Filter>
    </ClCompile>
    <ClCompile Include="ModeGame.cpp">
      <Filter>ソース ファイル\Mode</Filter>
    </ClCompile>
    <ClCompile Include="ModeTitle.cpp">
      <Filter>ソース ファイル\Mode</Filter>
    </ClCompile>
    <ClCompile Include="ResourceServer.cpp">
      <Filter>ソース ファイル\Server</Filter>
    </ClCompile>
    <ClCompile Include="SkillSlot.cpp">
      <Filter>ソース ファイル\Other</Filter>
    </ClCompile>
    <ClCompile Include="Effect.cpp">
      <Filter>ソース ファイル\Other</Filter>
    </ClCompile>
    <ClCompile Include="ModeGameClear.cpp">
      <Filter>ソース ファイル\Mode</Filter>
    </ClCompile>
    <ClCompile Include="ModeGameover.cpp">
      <Filter>ソース ファイル\Mode</Filter>
    </ClCompile>
    <ClCompile Include="ModeSound.cpp">
      <Filter>ソース ファイル\Mode</Filter>
    </ClCompile>
    <ClCompile Include="EN_Crab.cpp">
      <Filter>ソース ファイル\Object\Element</Filter>
    </ClCompile>
    <ClCompile Include="EN_Osero.cpp">
      <Filter>ソース ファイル\Object\Element</Filter>
    </ClCompile>
    <ClCompile Include="SoundItem.cpp">
      <Filter>ソース ファイル\Object\Item</Filter>
    </ClCompile>
    <ClCompile Include="Divine.cpp">
      <Filter>ソース ファイル\Other</Filter>
    </ClCompile>
    <ClCompile Include="SoundServer.cpp">
      <Filter>ソース ファイル\Server</Filter>
    </ClCompile>
    <ClCompile Include="Camera.cpp">
      <Filter>ソース ファイル\Other</Filter>
    </ClCompile>
    <ClCompile Include="GameUI.cpp">
      <Filter>ソース ファイル\Other</Filter>
    </ClCompile>
    <ClCompile Include="Actioncollision.cpp">
      <Filter>ソース ファイル\Collision</Filter>
    </ClCompile>
    <ClCompile Include="MathCollision.cpp">
      <Filter>ソース ファイル\Collision</Filter>
    </ClCompile>
    <ClCompile Include="GameEvent.cpp">
      <Filter>ソース ファイル\Other</Filter>
    </ClCompile>
    <ClCompile Include="MotionTable.cpp">
      <Filter>ソース ファイル</Filter>
    </ClCompile>
    <ClCompile Include="MotionTableItem.cpp">
      <Filter>ソース ファイル</Filter>
    </ClCompile>
    <ClCompile Include="ModeEnding.cpp">
      <Filter>ソース ファイル\Mode</Filter>
    </ClCompile>
    <ClCompile Include="ModeFade.cpp">
      <Filter>ソース ファイル\Mode</Filter>
    </ClCompile>
    <ClCompile Include="ModeLoad.cpp">
      <Filter>ソース ファイル\Mode</Filter>
    </ClCompile>
    <ClCompile Include="ModeLogo.cpp">
      <Filter>ソース ファイル\Mode</Filter>
    </ClCompile>
    <ClCompile Include="EN_Romanoff.cpp">
      <Filter>ソース ファイル\Object\Element</Filter>
    </ClCompile>
    <ClCompile Include="GameSystem.cpp">
      <Filter>ヘッダー ファイル\Mode</Filter>
    </ClCompile>
    <ClCompile Include="AttackTable.cpp">
      <Filter>ソース ファイル</Filter>
    </ClCompile>
    <ClCompile Include="AttackTableItem.cpp">
      <Filter>ソース ファイル</Filter>
    </ClCompile>
    <ClCompile Include="MotionTableManager.cpp">
      <Filter>ソース ファイル\Object\Manager</Filter>
    </ClCompile>
    <ClCompile Include="AttackTableManager.cpp">
      <Filter>ソース ファイル\Object\Manager</Filter>
    </ClCompile>
  </ItemGroup>
</Project>